
Microsoft Visual Studio Solution File, Format Version 12.00
# Visual Studio 15
VisualStudioVersion = 15.0.28307.271
MinimumVisualStudioVersion = 10.0.40219.1
Project("{9A19103F-16F7-4668-BE54-9A1E7A4F7556}") = "Amazon", "Amazon\Amazon.csproj", "{C6729CDD-EFE5-4E28-B237-0865DC3DC843}"
EndProject
Project("{FAE04EC0-301F-11D3-BF4B-00C04F79EFBC}") = "Amazon.UnitTests", "Amazon.UnitTests\Amazon.UnitTests.csproj", "{C21E7FDF-AD88-406D-BDC4-E5777BDA7AFB}"
EndProject
Global
	GlobalSection(SolutionConfigurationPlatforms) = preSolution
		Debug|Any CPU = Debug|Any CPU
		Release|Any CPU = Release|Any CPU
	EndGlobalSection
	GlobalSection(ProjectConfigurationPlatforms) = postSolution
		{C6729CDD-EFE5-4E28-B237-0865DC3DC843}.Debug|Any CPU.ActiveCfg = Debug|Any CPU
		{C6729CDD-EFE5-4E28-B237-0865DC3DC843}.Debug|Any CPU.Build.0 = Debug|Any CPU
		{C6729CDD-EFE5-4E28-B237-0865DC3DC843}.Release|Any CPU.ActiveCfg = Release|Any CPU
		{C6729CDD-EFE5-4E28-B237-0865DC3DC843}.Release|Any CPU.Build.0 = Release|Any CPU
		{C21E7FDF-AD88-406D-BDC4-E5777BDA7AFB}.Debug|Any CPU.ActiveCfg = Debug|Any CPU
		{C21E7FDF-AD88-406D-BDC4-E5777BDA7AFB}.Debug|Any CPU.Build.0 = Debug|Any CPU
		{C21E7FDF-AD88-406D-BDC4-E5777BDA7AFB}.Release|Any CPU.ActiveCfg = Release|Any CPU
		{C21E7FDF-AD88-406D-BDC4-E5777BDA7AFB}.Release|Any CPU.Build.0 = Release|Any CPU
	EndGlobalSection
	GlobalSection(SolutionProperties) = preSolution
		HideSolutionNode = FALSE
	EndGlobalSection
	GlobalSection(ExtensibilityGlobals) = postSolution
		SolutionGuid = {A4BCB54D-6006-4E2D-BA86-C81B274B71AB}
	EndGlobalSection
EndGlobal
